{
  "version": 4,
  "terraform_version": "1.14.3",
  "serial": 64,
  "lineage": "e895b927-00d2-48c8-76da-94e752284638",
  "outputs": {
    "public_ip": {
      "value": "13.235.212.53",
      "type": "string"
    }
  },
  "resources": [
    {
      "mode": "managed",
      "type": "aws_eip",
      "name": "app_ip",
      "provider": "provider[\"registry.terraform.io/hashicorp/aws\"]",
      "instances": [
        {
          "schema_version": 0,
          "attributes": {
            "address": null,
            "allocation_id": "eipalloc-06d6528389ba71692",
            "arn": "arn:aws:ec2:ap-south-1:760302898980:elastic-ip/eipalloc-06d6528389ba71692",
            "associate_with_private_ip": null,
            "association_id": "eipassoc-0d0a8db887b837e2f",
            "carrier_ip": "",
            "customer_owned_ip": "",
            "customer_owned_ipv4_pool": "",
            "domain": "vpc",
            "id": "eipalloc-06d6528389ba71692",
            "instance": "i-0523d365d0ba48ce3",
            "ipam_pool_id": null,
            "network_border_group": "ap-south-1",
            "network_interface": "eni-09df08c78cdaad527",
            "private_dns": "ip-10-0-1-248.ap-south-1.compute.internal",
            "private_ip": "10.0.1.248",
            "ptr_record": "",
            "public_dns": "ec2-13-235-212-53.ap-south-1.compute.amazonaws.com",
            "public_ip": "13.235.212.53",
            "public_ipv4_pool": "amazon",
            "region": "ap-south-1",
            "tags": null,
            "tags_all": {},
            "timeouts": null
          },
          "sensitive_attributes": [],
          "identity_schema_version": 0,
          "private": "eyJlMmJmYjczMC1lY2FhLTExZTYtOGY4OC0zNDM2M2JjN2M0YzAiOnsiZGVsZXRlIjoxODAwMDAwMDAwMDAsInJlYWQiOjkwMDAwMDAwMDAwMCwidXBkYXRlIjozMDAwMDAwMDAwMDB9fQ==",
          "dependencies": [
            "aws_instance.app",
            "aws_key_pair.generated_key",
            "aws_security_group.app_sg",
            "aws_subnet.public",
            "aws_vpc.main",
            "tls_private_key.ssh_key"
          ]
        }
      ]
    },
    {
      "mode": "managed",
      "type": "aws_instance",
      "name": "app",
      "provider": "provider[\"registry.terraform.io/hashicorp/aws\"]",
      "instances": [
        {
          "schema_version": 2,
          "attributes": {
            "ami": "ami-0f5ee92e2d63afc18",
            "arn": "arn:aws:ec2:ap-south-1:760302898980:instance/i-0523d365d0ba48ce3",
            "associate_public_ip_address": true,
            "availability_zone": "ap-south-1a",
            "capacity_reservation_specification": [
              {
                "capacity_reservation_preference": "open",
                "capacity_reservation_target": []
              }
            ],
            "cpu_options": [
              {
                "amd_sev_snp": "",
                "core_count": 1,
                "threads_per_core": 2
              }
            ],
            "credit_specification": [
              {
                "cpu_credits": "unlimited"
              }
            ],
            "disable_api_stop": false,
            "disable_api_termination": false,
            "ebs_block_device": [],
            "ebs_optimized": false,
            "enable_primary_ipv6": null,
            "enclave_options": [
              {
                "enabled": false
              }
            ],
            "ephemeral_block_device": [],
            "force_destroy": false,
            "get_password_data": false,
            "hibernation": false,
            "host_id": "",
            "host_resource_group_arn": null,
            "iam_instance_profile": "",
            "id": "i-0523d365d0ba48ce3",
            "instance_initiated_shutdown_behavior": "stop",
            "instance_lifecycle": "",
            "instance_market_options": [],
            "instance_state": "running",
            "instance_type": "t3.medium",
            "ipv6_address_count": 0,
            "ipv6_addresses": [],
            "key_name": "devops-key",
            "launch_template": [],
            "maintenance_options": [
              {
                "auto_recovery": "default"
              }
            ],
            "metadata_options": [
              {
                "http_endpoint": "enabled",
                "http_protocol_ipv6": "disabled",
                "http_put_response_hop_limit": 1,
                "http_tokens": "optional",
                "instance_metadata_tags": "disabled"
              }
            ],
            "monitoring": false,
            "network_interface": [],
            "outpost_arn": "",
            "password_data": "",
            "placement_group": "",
            "placement_group_id": "",
            "placement_partition_number": 0,
            "primary_network_interface": [
              {
                "delete_on_termination": true,
                "network_interface_id": "eni-09df08c78cdaad527"
              }
            ],
            "primary_network_interface_id": "eni-09df08c78cdaad527",
            "private_dns": "ip-10-0-1-248.ap-south-1.compute.internal",
            "private_dns_name_options": [
              {
                "enable_resource_name_dns_a_record": false,
                "enable_resource_name_dns_aaaa_record": false,
                "hostname_type": "ip-name"
              }
            ],
            "private_ip": "10.0.1.248",
            "public_dns": "",
            "public_ip": "43.205.211.120",
            "region": "ap-south-1",
            "root_block_device": [
              {
                "delete_on_termination": true,
                "device_name": "/dev/sda1",
                "encrypted": false,
                "iops": 100,
                "kms_key_id": "",
                "tags": {},
                "tags_all": {},
                "throughput": 0,
                "volume_id": "vol-0c981e23d75c88f0f",
                "volume_size": 8,
                "volume_type": "gp2"
              }
            ],
            "secondary_private_ips": [],
            "security_groups": [],
            "source_dest_check": true,
            "spot_instance_request_id": "",
            "subnet_id": "subnet-0af20d9c09bf203b6",
            "tags": {
              "Name": "devops-app"
            },
            "tags_all": {
              "Name": "devops-app"
            },
            "tenancy": "default",
            "timeouts": null,
            "user_data": null,
            "user_data_base64": null,
            "user_data_replace_on_change": false,
            "volume_tags": null,
            "vpc_security_group_ids": [
              "sg-0f629827af2e3f9ef"
            ]
          },
          "sensitive_attributes": [],
          "identity_schema_version": 0,
          "identity": {
            "account_id": "760302898980",
            "id": "i-0523d365d0ba48ce3",
            "region": "ap-south-1"
          },
          "private": "eyJlMmJmYjczMC1lY2FhLTExZTYtOGY4OC0zNDM2M2JjN2M0YzAiOnsiY3JlYXRlIjo2MDAwMDAwMDAwMDAsImRlbGV0ZSI6MTIwMDAwMDAwMDAwMCwicmVhZCI6OTAwMDAwMDAwMDAwLCJ1cGRhdGUiOjYwMDAwMDAwMDAwMH0sInNjaGVtYV92ZXJzaW9uIjoiMiJ9",
          "dependencies": [
            "aws_key_pair.generated_key",
            "aws_security_group.app_sg",
            "aws_subnet.public",
            "aws_vpc.main",
            "tls_private_key.ssh_key"
          ]
        }
      ]
    },
    {
      "mode": "managed",
      "type": "aws_internet_gateway",
      "name": "igw",
      "provider": "provider[\"registry.terraform.io/hashicorp/aws\"]",
      "instances": [
        {
          "schema_version": 0,
          "attributes": {
            "arn": "arn:aws:ec2:ap-south-1:760302898980:internet-gateway/igw-04a98251b2a21d00a",
            "id": "igw-04a98251b2a21d00a",
            "owner_id": "760302898980",
            "region": "ap-south-1",
            "tags": null,
            "tags_all": {},
            "timeouts": null,
            "vpc_id": "vpc-08363b5cf91ebeb34"
          },
          "sensitive_attributes": [],
          "identity_schema_version": 0,
          "private": "eyJlMmJmYjczMC1lY2FhLTExZTYtOGY4OC0zNDM2M2JjN2M0YzAiOnsiY3JlYXRlIjoxMjAwMDAwMDAwMDAwLCJkZWxldGUiOjEyMDAwMDAwMDAwMDAsInVwZGF0ZSI6MTIwMDAwMDAwMDAwMH19",
          "dependencies": [
            "aws_vpc.main"
          ]
        }
      ]
    },
    {
      "mode": "managed",
      "type": "aws_key_pair",
      "name": "generated_key",
      "provider": "provider[\"registry.terraform.io/hashicorp/aws\"]",
      "instances": [
        {
          "schema_version": 1,
          "attributes": {
            "arn": "arn:aws:ec2:ap-south-1:760302898980:key-pair/devops-key",
            "fingerprint": "1b:5c:da:4f:3d:6f:42:2f:18:f1:44:81:b9:96:77:0e",
            "id": "devops-key",
            "key_name": "devops-key",
            "key_name_prefix": "",
            "key_pair_id": "key-0293bc7fa1a6708b4",
            "key_type": "rsa",
            "public_key": "ssh-rsa AAAAB3NzaC1yc2EAAAADAQABAAACAQDhfS2td2fi/aXHyEmG+tdGqO94AsG8yJPSPkJoxRwNIb33pklJhUj6M+6YW3HoitIAWdVirUNCf/IHB84GIqK6dqjt7VxeEZ9/ij640aRdznVIat3n0RoJFUDComxMZpeEYKA3Tacx6VXedDCdcO3AEADHau3E/YlhQMj42a0taTvHCryp1img/6NYKOCOmtOmhrpA2VrxKARXQNrsNAajTeQp/zMlL0IBVlhurgHMiF88n3e+it1OSDBUdNkm8k7Q8G0QBvxSzmsAl+ErEnqGER9ovvSZVcm5HfGKeD+zPsaHAuDnsr2Tg044Tpz+NKHRD0VqrjegQa0Dl5kr6t93YkxWUnlDRtnygaudPXNMT3ePgD9CE10Li/UpLAFXiqistRJ3kAftmYK0rDR3F1k6MK0XDO9qek3EDQnZpOjZsc7SRiSYtsgMua9Jsi5bmu1KL95u5nRzm0GoP/VR8gq+UGavxCnGQOKX7VivUVDN6t0ndTCgEWv2IQcY2QhCfBLT0qy94GvlxE76xzp4ZDgKEb1hVSb/I7e7RNIFKm2xJsKmJOyXgO9lzOpkSY54MrYraev8vaCUktkYqQItgXXX6E2flGb/EoxzAFzZZtFkBuV9xvXn1GEWTqjErEqsn+6S4ThnKosdQSSuoCdsk+EKQzGR3tRTyAcK8mVvujX5KQ==",
            "region": "ap-south-1",
            "tags": null,
            "tags_all": {}
          },
          "sensitive_attributes": [],
          "identity_schema_version": 0,
          "private": "eyJzY2hlbWFfdmVyc2lvbiI6IjEifQ==",
          "dependencies": [
            "tls_private_key.ssh_key"
          ]
        }
      ]
    },
    {
      "mode": "managed",
      "type": "aws_route_table",
      "name": "public_rt",
      "provider": "provider[\"registry.terraform.io/hashicorp/aws\"]",
      "instances": [
        {
          "schema_version": 0,
          "attributes": {
            "arn": "arn:aws:ec2:ap-south-1:760302898980:route-table/rtb-00354e06457fb920c",
            "id": "rtb-00354e06457fb920c",
            "owner_id": "760302898980",
            "propagating_vgws": [],
            "region": "ap-south-1",
            "route": [
              {
                "carrier_gateway_id": "",
                "cidr_block": "0.0.0.0/0",
                "core_network_arn": "",
                "destination_prefix_list_id": "",
                "egress_only_gateway_id": "",
                "gateway_id": "igw-04a98251b2a21d00a",
                "ipv6_cidr_block": "",
                "local_gateway_id": "",
                "nat_gateway_id": "",
                "network_interface_id": "",
                "transit_gateway_id": "",
                "vpc_endpoint_id": "",
                "vpc_peering_connection_id": ""
              }
            ],
            "tags": null,
            "tags_all": {},
            "timeouts": null,
            "vpc_id": "vpc-08363b5cf91ebeb34"
          },
          "sensitive_attributes": [],
          "identity_schema_version": 0,
          "identity": {
            "account_id": "760302898980",
            "id": "rtb-00354e06457fb920c",
            "region": "ap-south-1"
          },
          "private": "eyJlMmJmYjczMC1lY2FhLTExZTYtOGY4OC0zNDM2M2JjN2M0YzAiOnsiY3JlYXRlIjozMDAwMDAwMDAwMDAsImRlbGV0ZSI6MzAwMDAwMDAwMDAwLCJ1cGRhdGUiOjEyMDAwMDAwMDAwMH19",
          "dependencies": [
            "aws_internet_gateway.igw",
            "aws_vpc.main"
          ]
        }
      ]
    },
    {
      "mode": "managed",
      "type": "aws_route_table_association",
      "name": "public_assoc",
      "provider": "provider[\"registry.terraform.io/hashicorp/aws\"]",
      "instances": [
        {
          "schema_version": 0,
          "attributes": {
            "gateway_id": "",
            "id": "rtbassoc-09e40fe2e7631fa8e",
            "region": "ap-south-1",
            "route_table_id": "rtb-00354e06457fb920c",
            "subnet_id": "subnet-0af20d9c09bf203b6",
            "timeouts": null
          },
          "sensitive_attributes": [],
          "identity_schema_version": 0,
          "private": "eyJlMmJmYjczMC1lY2FhLTExZTYtOGY4OC0zNDM2M2JjN2M0YzAiOnsiY3JlYXRlIjozMDAwMDAwMDAwMDAsImRlbGV0ZSI6MzAwMDAwMDAwMDAwLCJ1cGRhdGUiOjEyMDAwMDAwMDAwMH19",
          "dependencies": [
            "aws_internet_gateway.igw",
            "aws_route_table.public_rt",
            "aws_subnet.public",
            "aws_vpc.main"
          ]
        }
      ]
    },
    {
      "mode": "managed",
      "type": "aws_security_group",
      "name": "app_sg",
      "provider": "provider[\"registry.terraform.io/hashicorp/aws\"]",
      "instances": [
        {
          "schema_version": 1,
          "attributes": {
            "arn": "arn:aws:ec2:ap-south-1:760302898980:security-group/sg-0f629827af2e3f9ef",
            "description": "Managed by Terraform",
            "egress": [
              {
                "cidr_blocks": [
                  "0.0.0.0/0"
                ],
                "description": "",
                "from_port": 0,
                "ipv6_cidr_blocks": [],
                "prefix_list_ids": [],
                "protocol": "-1",
                "security_groups": [],
                "self": false,
                "to_port": 0
              }
            ],
            "id": "sg-0f629827af2e3f9ef",
            "ingress": [
              {
                "cidr_blocks": [
                  "0.0.0.0/0"
                ],
                "description": "",
                "from_port": 22,
                "ipv6_cidr_blocks": [],
                "prefix_list_ids": [],
                "protocol": "tcp",
                "security_groups": [],
                "self": false,
                "to_port": 22
              },
              {
                "cidr_blocks": [
                  "0.0.0.0/0"
                ],
                "description": "",
                "from_port": 80,
                "ipv6_cidr_blocks": [],
                "prefix_list_ids": [],
                "protocol": "tcp",
                "security_groups": [],
                "self": false,
                "to_port": 80
              }
            ],
            "name": "terraform-20260131072939769300000001",
            "name_prefix": "terraform-",
            "owner_id": "760302898980",
            "region": "ap-south-1",
            "revoke_rules_on_delete": false,
            "tags": null,
            "tags_all": {},
            "timeouts": null,
            "vpc_id": "vpc-08363b5cf91ebeb34"
          },
          "sensitive_attributes": [],
          "identity_schema_version": 0,
          "identity": {
            "account_id": "760302898980",
            "id": "sg-0f629827af2e3f9ef",
            "region": "ap-south-1"
          },
          "private": "eyJlMmJmYjczMC1lY2FhLTExZTYtOGY4OC0zNDM2M2JjN2M0YzAiOnsiY3JlYXRlIjo2MDAwMDAwMDAwMDAsImRlbGV0ZSI6OTAwMDAwMDAwMDAwfSwic2NoZW1hX3ZlcnNpb24iOiIxIn0=",
          "dependencies": [
            "aws_vpc.main"
          ]
        }
      ]
    },
    {
      "mode": "managed",
      "type": "aws_subnet",
      "name": "private",
      "provider": "provider[\"registry.terraform.io/hashicorp/aws\"]",
      "instances": [
        {
          "schema_version": 1,
          "attributes": {
            "arn": "arn:aws:ec2:ap-south-1:760302898980:subnet/subnet-0976f442af03051db",
            "assign_ipv6_address_on_creation": false,
            "availability_zone": "ap-south-1a",
            "availability_zone_id": "aps1-az1",
            "cidr_block": "10.0.2.0/24",
            "customer_owned_ipv4_pool": "",
            "enable_dns64": false,
            "enable_lni_at_device_index": 0,
            "enable_resource_name_dns_a_record_on_launch": false,
            "enable_resource_name_dns_aaaa_record_on_launch": false,
            "id": "subnet-0976f442af03051db",
            "ipv4_ipam_pool_id": null,
            "ipv4_netmask_length": null,
            "ipv6_cidr_block": "",
            "ipv6_cidr_block_association_id": "",
            "ipv6_ipam_pool_id": null,
            "ipv6_native": false,
            "ipv6_netmask_length": null,
            "map_customer_owned_ip_on_launch": false,
            "map_public_ip_on_launch": false,
            "outpost_arn": "",
            "owner_id": "760302898980",
            "private_dns_hostname_type_on_launch": "ip-name",
            "region": "ap-south-1",
            "tags": {
              "Name": "private-subnet"
            },
            "tags_all": {
              "Name": "private-subnet"
            },
            "timeouts": null,
            "vpc_id": "vpc-08363b5cf91ebeb34"
          },
          "sensitive_attributes": [],
          "identity_schema_version": 0,
          "identity": {
            "account_id": "760302898980",
            "id": "subnet-0976f442af03051db",
            "region": "ap-south-1"
          },
          "private": "eyJlMmJmYjczMC1lY2FhLTExZTYtOGY4OC0zNDM2M2JjN2M0YzAiOnsiY3JlYXRlIjo2MDAwMDAwMDAwMDAsImRlbGV0ZSI6MTIwMDAwMDAwMDAwMH0sInNjaGVtYV92ZXJzaW9uIjoiMSJ9",
          "dependencies": [
            "aws_vpc.main"
          ]
        }
      ]
    },
    {
      "mode": "managed",
      "type": "aws_subnet",
      "name": "public",
      "provider": "provider[\"registry.terraform.io/hashicorp/aws\"]",
      "instances": [
        {
          "schema_version": 1,
          "attributes": {
            "arn": "arn:aws:ec2:ap-south-1:760302898980:subnet/subnet-0af20d9c09bf203b6",
            "assign_ipv6_address_on_creation": false,
            "availability_zone": "ap-south-1a",
            "availability_zone_id": "aps1-az1",
            "cidr_block": "10.0.1.0/24",
            "customer_owned_ipv4_pool": "",
            "enable_dns64": false,
            "enable_lni_at_device_index": 0,
            "enable_resource_name_dns_a_record_on_launch": false,
            "enable_resource_name_dns_aaaa_record_on_launch": false,
            "id": "subnet-0af20d9c09bf203b6",
            "ipv4_ipam_pool_id": null,
            "ipv4_netmask_length": null,
            "ipv6_cidr_block": "",
            "ipv6_cidr_block_association_id": "",
            "ipv6_ipam_pool_id": null,
            "ipv6_native": false,
            "ipv6_netmask_length": null,
            "map_customer_owned_ip_on_launch": false,
            "map_public_ip_on_launch": true,
            "outpost_arn": "",
            "owner_id": "760302898980",
            "private_dns_hostname_type_on_launch": "ip-name",
            "region": "ap-south-1",
            "tags": {
              "Name": "public-subnet"
            },
            "tags_all": {
              "Name": "public-subnet"
            },
            "timeouts": null,
            "vpc_id": "vpc-08363b5cf91ebeb34"
          },
          "sensitive_attributes": [],
          "identity_schema_version": 0,
          "identity": {
            "account_id": "760302898980",
            "id": "subnet-0af20d9c09bf203b6",
            "region": "ap-south-1"
          },
          "private": "eyJlMmJmYjczMC1lY2FhLTExZTYtOGY4OC0zNDM2M2JjN2M0YzAiOnsiY3JlYXRlIjo2MDAwMDAwMDAwMDAsImRlbGV0ZSI6MTIwMDAwMDAwMDAwMH0sInNjaGVtYV92ZXJzaW9uIjoiMSJ9",
          "dependencies": [
            "aws_vpc.main"
          ]
        }
      ]
    },
    {
      "mode": "managed",
      "type": "aws_vpc",
      "name": "main",
      "provider": "provider[\"registry.terraform.io/hashicorp/aws\"]",
      "instances": [
        {
          "schema_version": 1,
          "attributes": {
            "arn": "arn:aws:ec2:ap-south-1:760302898980:vpc/vpc-08363b5cf91ebeb34",
            "assign_generated_ipv6_cidr_block": false,
            "cidr_block": "10.0.0.0/16",
            "default_network_acl_id": "acl-0564cf67893dba1b8",
            "default_route_table_id": "rtb-0f5d26eece54b17c4",
            "default_security_group_id": "sg-03ff139fad83d9555",
            "dhcp_options_id": "dopt-0f4c8587c0baf4363",
            "enable_dns_hostnames": false,
            "enable_dns_support": true,
            "enable_network_address_usage_metrics": false,
            "id": "vpc-08363b5cf91ebeb34",
            "instance_tenancy": "default",
            "ipv4_ipam_pool_id": null,
            "ipv4_netmask_length": null,
            "ipv6_association_id": "",
            "ipv6_cidr_block": "",
            "ipv6_cidr_block_network_border_group": "",
            "ipv6_ipam_pool_id": "",
            "ipv6_netmask_length": 0,
            "main_route_table_id": "rtb-0f5d26eece54b17c4",
            "owner_id": "760302898980",
            "region": "ap-south-1",
            "tags": {
              "Name": "devops-vpc"
            },
            "tags_all": {
              "Name": "devops-vpc"
            }
          },
          "sensitive_attributes": [],
          "identity_schema_version": 0,
          "identity": {
            "account_id": "760302898980",
            "id": "vpc-08363b5cf91ebeb34",
            "region": "ap-south-1"
          },
          "private": "eyJzY2hlbWFfdmVyc2lvbiI6IjEifQ=="
        }
      ]
    },
    {
      "mode": "managed",
      "type": "local_file",
      "name": "inventory",
      "provider": "provider[\"registry.terraform.io/hashicorp/local\"]",
      "instances": [
        {
          "schema_version": 0,
          "attributes": {
            "content": "[app]\n13.235.212.53 ansible_user=ubuntu ansible_ssh_private_key_file=server.pem\n",
            "content_base64": null,
            "content_base64sha256": "DzV4rGpj402y//qqpbyxV2Ms6jaRl2mV1O0/BHGnifE=",
            "content_base64sha512": "N9JpyuQROMwO/6nTpbWA9i6hZeIKufOiVmgDf1FIJEU+dy3n0oNYC6eMOLd6vKji+Mu53w0Q10vCsGcI4JgptA==",
            "content_md5": "7745be3b4529e95dd10237fb5a2a040c",
            "content_sha1": "6dcfe6a566de0261b49e4add39eb805dcb7c94b7",
            "content_sha256": "0f3578ac6a63e34db2fffaaaa5bcb157632cea3691976995d4ed3f0471a789f1",
            "content_sha512": "37d269cae41138cc0effa9d3a5b580f62ea165e20ab9f3a25668037f514824453e772de7d283580ba78c38b77abca8e2f8cbb9df0d10d74bc2b06708e09829b4",
            "directory_permission": "0777",
            "file_permission": "0777",
            "filename": "./inventory.ini",
            "id": "6dcfe6a566de0261b49e4add39eb805dcb7c94b7",
            "sensitive_content": null,
            "source": null
          },
          "sensitive_attributes": [
            [
              {
                "type": "get_attr",
                "value": "sensitive_content"
              }
            ]
          ],
          "identity_schema_version": 0,
          "dependencies": [
            "aws_eip.app_ip",
            "aws_instance.app",
            "aws_key_pair.generated_key",
            "aws_security_group.app_sg",
            "aws_subnet.public",
            "aws_vpc.main",
            "tls_private_key.ssh_key"
          ]
        }
      ]
    },
    {
      "mode": "managed",
      "type": "local_file",
      "name": "private_key",
      "provider": "provider[\"registry.terraform.io/hashicorp/local\"]",
      "instances": [
        {
          "schema_version": 0,
          "attributes": {
            "content": "-----BEGIN RSA PRIVATE KEY-----\nMIIJKQIBAAKCAgEA4X0trXdn4v2lx8hJhvrXRqjveALBvMiT0j5CaMUcDSG996ZJ\nSYVI+jPumFtx6IrSAFnVYq1DQn/yBwfOBiKiunao7e1cXhGff4o+uNGkXc51SGrd\n59EaCRVAwqJsTGaXhGCgN02nMelV3nQwnXDtwBAAx2rtxP2JYUDI+NmtLWk7xwq8\nqdYpoP+jWCjgjprTpoa6QNla8SgEV0Da7DQGo03kKf8zJS9CAVZYbq4BzIhfPJ93\nvordTkgwVHTZJvJO0PBtEAb8Us5rAJfhKxJ6hhEfaL70mVXJuR3xing/sz7GhwLg\n57K9k4NOOE6c/jSh0Q9Faq43oEGtA5eZK+rfd2JMVlJ5Q0bZ8oGrnT1zTE93j4A/\nQhNdC4v1KSwBV4qorLUSd5AH7ZmCtKw0dxdZOjCtFwzvanpNxA0J2aTo2bHO0kYk\nmLbIDLmvSbIuW5rtSi/ebuZ0c5tBqD/1UfIKvlBmr8QpxkDil+1Yr1FQzerdJ3Uw\noBFr9iEHGNkIQnwS09KsveBr5cRO+sc6eGQ4ChG9YVUm/yO3u0TSBSptsSbCpiTs\nl4DvZczqZEmOeDK2K2nr/L2glJLZGKkCLYF11+hNn5Rm/xKMcwBc2WbRZAblfcb1\n59RhFk6oxKxKrJ/ukuE4ZyqLHUEkrqAnbJPhCkMxkd7UU8gHCvJlb7o1+SkCAwEA\nAQKCAgAemBlme9kAl2Gy5Z30Tnx+/dTf95/JuX00/XWNOZFAxt87hrhS3V61c+5f\nhajC4HL10Tp+lPuXPjzcb1aoxnJF0mvBPH9X1BRL/bnc4bTndWe8V6OcHGbn7JZI\n0jjXdOQB9gpG9qZEw1//OsyN0BCyCnnQlNWF8NB+/YdHHGG+05RkwTQv5vrm+Uh0\nYbd2IdOtuIH04ojQR5mvLQGHItfzuFHI0PNjjDHsdIazHbDoy2gAlbJti/HS+UB1\ndRUxj5baCoUBs7Dwm0kxX2oRqgQtxIz6bU5Kr7UbBNEM9JvP+ih9kQpq5XmLVjl6\nsk/ivclm0Cee/dxWRhLvddY2ezuuecFHY70884J4NwaPvb2gPyVKwyny/5RHRyoW\nEZR23VEeG/YzpaL810C6ziphYS6lEiJXFEOJd6f/zQ7ssYSdoc2QxKQoICxNwBht\nhQfh0/F+Ay0LApbxVJ9cyLe0SyksesnNpJK1UMbzBWMVW1ue1KQRsOxAkUdbKIgP\nVQcEt+qq8FPrRQYyY+JFuKzYcxtP1s8WjioGViJsbATaBzZ7QnzjtOxmT8idTR7+\nvM2QbmBYspm80Jmu4y0HZNFNwO+CayCvKTQ31XfRtQBI8PXnYjjPlQHpdw5i1KSa\nvFPo/bfoZJa3svqLMfM1PGbyr1gtnYk3M4GjInJ/a0z308c7sQKCAQEA/Xw+j8uC\nG2YHO5ueyRKbyx6Zawx/r6G090A501qqfh83dompAwGDqaV54Cu+rKH+FQYQ3GqD\ne46J1ePtCgwVfFmaKXyYJpB4wzAZztSodgljpQWgnTjqCkeFIWdFcZv1TlANTs6B\n7LndYyappiSx2mHIneyoUi6vZOd8dpD+VVX8MJrpc35sZy0MpYSmJSJIPEKZZUjC\nyCZ9EBqoP5dfoXP+WSVPYwgdlurfwe+Faweuz8fFeX4KKQl7JMiJRh/wnADN2Fi3\nt7U1DNC1KpWv5kDT0JB/Y/bITgRwNekHfm5njAX6JMuTtFsdrdl35eZqWro+lwdn\nfMu2cEgm/oy/JwKCAQEA47nVg6sWBVoEGumuaPABkTN6u9BZx9ON/R4KTaNS0+D+\n8bbETmrgfKjF05m4MvpO20uNbV0B2b0OFC0g/WbAkblR2BwPo8gpxi6k2S0M+UOo\nOMPmInuRhlzJ3kgeJ18/vSg92whMLKbVl7lBezzcJKqiS8BMHXEzZCn6q0tXEXNn\nRCHZPCxAwq8vV6Vvq813nCk1avUF4e/UpjogHHTSeMAjxVORd9/D9SeY6zmv/TVd\nihBs3P69onjTeSZV+VAMiKtqJtOh794PZzm/Ftbt0aNYYIfE/+iUn5QcPNcvZAl+\ndrvrEs/T0FEh8Zu3AM/B8ixVyw7y2wTrxr0JJLa3LwKCAQEA90r+vcoMZC5lYAGy\nJvfAhaiUg5rt9qoLoitGPqt1KRXLRhmGiSgxCpAlFk2W91QSTPBeAqrnGuM0FTcH\nSYYAcA/6Ff83cGgBaGrEwsM0lfMTAys6RigAK4camjvlw7Ai4QO39+n/VrL9CH3v\ng+bInARJc8gtbf+dnRM4mXNarGX2YnS+y63Kk92fONrwO8n2LtPKUsVpQVpLKCrZ\neTB0W06OFOoRSMviEhmRseG6h3A3Wv3J6XzM7LwTJw983KzMT2V5bFcg5FgkKRxz\nodfmgvs7qX1Oync3cuVhkzaD2RRccH5kSwFQV+OMUM6X6fGgUGLiLPVMQLN8iI3b\nfPpSgQKCAQB+CzPExwNPPv2ar9DbQEx9w9Kg9bdbxRqICQKG6mlD4Pr7ar/I75sF\nJJ0qe6DahnTzKCRFbf9CN0P9ouTpnN/lSH+mcBGwA3Arw1F261qM9Qe9M6DDYUWw\n6tbI833NKQksd4OVIkiXRlhevCkkPxFSMifWab83ZJqfTCT0fqTYgdmceme0yIGn\nwDMh/e2LWBRmGOD6LFhvL8Gxp+ZyGa8NKrwh0hloEjByFtKrD6j7K3h0nJbE0zK/\nJMVX/wIDFm15j/cXOngdPfmklu/PgnLrX8/gzgUZ5++rS909R5Vxd1fJ/EUmimWg\nned9xURLbLLaifOKiuGcnGKsA6F18rP9AoIBAQDFv2XQW/4EbzT50OnMyXNsaiH/\niVLPZb0vVOjbw8equDhJmwDC1OL5OmVNNEzUlsT29qalzx+reytZMuYIpdidiUNp\naVhuJiNI+keCBDLwmzlkMn+fYTPY539lOU7qgEbNoUMyPf9KRmIN0QdHm/ktMX8B\nZ7HrpcyVvz/vtjn7u5wVtt2yQzA6HY82HUvPvhKlkg7QB10F36K3OEsNWE6ZDoZE\npWP7MY9bB0YFamtPbEI8VN9JTG54UZ/IDH7EbKfaXRJ21uY/tGXL7W4YUKJGBXjB\n5jUBmdeOzZtdOleF59Ia6imkGAbF1eIjgRbWI0y9R6p/1vL0LJfYNRQ0qU+V\n-----END RSA PRIVATE KEY-----\n",
            "content_base64": null,
            "content_base64sha256": "/uoQAhVA+t8hHhM1gU+UXIqMPnkLNPCJD9iApRBy0Vo=",
            "content_base64sha512": "uGFazg4IM2f/JQEm+F5mOvKda5UoKDuUXCYXP4rF5YC7gDVtyfVGogmPX6gkWAHBW34blsmtbFEH2omcvtELBQ==",
            "content_md5": "862ca53714c67f678f1c3a9eb28c0b2b",
            "content_sha1": "d479559f8247109091b3d23429f876595323fe5b",
            "content_sha256": "feea10021540fadf211e1335814f945c8a8c3e790b34f0890fd880a51072d15a",
            "content_sha512": "b8615ace0e083367ff250126f85e663af29d6b9528283b945c26173f8ac5e580bb80356dc9f546a2098f5fa8245801c15b7e1b96c9ad6c5107da899cbed10b05",
            "directory_permission": "0777",
            "file_permission": "0777",
            "filename": "./server.pem",
            "id": "d479559f8247109091b3d23429f876595323fe5b",
            "sensitive_content": null,
            "source": null
          },
          "sensitive_attributes": [
            [
              {
                "type": "get_attr",
                "value": "content"
              }
            ],
            [
              {
                "type": "get_attr",
                "value": "sensitive_content"
              }
            ]
          ],
          "identity_schema_version": 0,
          "dependencies": [
            "tls_private_key.ssh_key"
          ]
        }
      ]
    },
    {
      "mode": "managed",
      "type": "tls_private_key",
      "name": "ssh_key",
      "provider": "provider[\"registry.terraform.io/hashicorp/tls\"]",
      "instances": [
        {
          "schema_version": 1,
          "attributes": {
            "algorithm": "RSA",
            "ecdsa_curve": "P224",
            "id": "fb71402598a6007781cdc8d86383a2d9bcfd8c11",
            "private_key_openssh": "-----BEGIN OPENSSH PRIVATE KEY-----\nb3BlbnNzaC1rZXktdjEAAAAABG5vbmUAAAAEbm9uZQAAAAAAAAABAAACFwAAAAdz\nc2gtcnNhAAAAAwEAAQAAAgEA4X0trXdn4v2lx8hJhvrXRqjveALBvMiT0j5CaMUc\nDSG996ZJSYVI+jPumFtx6IrSAFnVYq1DQn/yBwfOBiKiunao7e1cXhGff4o+uNGk\nXc51SGrd59EaCRVAwqJsTGaXhGCgN02nMelV3nQwnXDtwBAAx2rtxP2JYUDI+Nmt\nLWk7xwq8qdYpoP+jWCjgjprTpoa6QNla8SgEV0Da7DQGo03kKf8zJS9CAVZYbq4B\nzIhfPJ93vordTkgwVHTZJvJO0PBtEAb8Us5rAJfhKxJ6hhEfaL70mVXJuR3xing/\nsz7GhwLg57K9k4NOOE6c/jSh0Q9Faq43oEGtA5eZK+rfd2JMVlJ5Q0bZ8oGrnT1z\nTE93j4A/QhNdC4v1KSwBV4qorLUSd5AH7ZmCtKw0dxdZOjCtFwzvanpNxA0J2aTo\n2bHO0kYkmLbIDLmvSbIuW5rtSi/ebuZ0c5tBqD/1UfIKvlBmr8QpxkDil+1Yr1FQ\nzerdJ3UwoBFr9iEHGNkIQnwS09KsveBr5cRO+sc6eGQ4ChG9YVUm/yO3u0TSBSpt\nsSbCpiTsl4DvZczqZEmOeDK2K2nr/L2glJLZGKkCLYF11+hNn5Rm/xKMcwBc2WbR\nZAblfcb159RhFk6oxKxKrJ/ukuE4ZyqLHUEkrqAnbJPhCkMxkd7UU8gHCvJlb7o1\n+SkAAAc4WoxVXlqMVV4AAAAHc3NoLXJzYQAAAgEA4X0trXdn4v2lx8hJhvrXRqjv\neALBvMiT0j5CaMUcDSG996ZJSYVI+jPumFtx6IrSAFnVYq1DQn/yBwfOBiKiunao\n7e1cXhGff4o+uNGkXc51SGrd59EaCRVAwqJsTGaXhGCgN02nMelV3nQwnXDtwBAA\nx2rtxP2JYUDI+NmtLWk7xwq8qdYpoP+jWCjgjprTpoa6QNla8SgEV0Da7DQGo03k\nKf8zJS9CAVZYbq4BzIhfPJ93vordTkgwVHTZJvJO0PBtEAb8Us5rAJfhKxJ6hhEf\naL70mVXJuR3xing/sz7GhwLg57K9k4NOOE6c/jSh0Q9Faq43oEGtA5eZK+rfd2JM\nVlJ5Q0bZ8oGrnT1zTE93j4A/QhNdC4v1KSwBV4qorLUSd5AH7ZmCtKw0dxdZOjCt\nFwzvanpNxA0J2aTo2bHO0kYkmLbIDLmvSbIuW5rtSi/ebuZ0c5tBqD/1UfIKvlBm\nr8QpxkDil+1Yr1FQzerdJ3UwoBFr9iEHGNkIQnwS09KsveBr5cRO+sc6eGQ4ChG9\nYVUm/yO3u0TSBSptsSbCpiTsl4DvZczqZEmOeDK2K2nr/L2glJLZGKkCLYF11+hN\nn5Rm/xKMcwBc2WbRZAblfcb159RhFk6oxKxKrJ/ukuE4ZyqLHUEkrqAnbJPhCkMx\nkd7UU8gHCvJlb7o1+SkAAAADAQABAAACAB6YGWZ72QCXYbLlnfROfH791N/3n8m5\nfTT9dY05kUDG3zuGuFLdXrVz7l+FqMLgcvXROn6U+5c+PNxvVqjGckXSa8E8f1fU\nFEv9udzhtOd1Z7xXo5wcZufslkjSONd05AH2Ckb2pkTDX/86zI3QELIKedCU1YXw\n0H79h0ccYb7TlGTBNC/m+ub5SHRht3Yh0624gfTiiNBHma8tAYci1/O4UcjQ82OM\nMex0hrMdsOjLaACVsm2L8dL5QHV1FTGPltoKhQGzsPCbSTFfahGqBC3EjPptTkqv\ntRsE0Qz0m8/6KH2RCmrleYtWOXqyT+K9yWbQJ5793FZGEu911jZ7O655wUdjvTzz\ngng3Bo+9vaA/JUrDKfL/lEdHKhYRlHbdUR4b9jOlovzXQLrOKmFhLqUSIlcUQ4l3\np//NDuyxhJ2hzZDEpCggLE3AGG2FB+HT8X4DLQsClvFUn1zIt7RLKSx6yc2kkrVQ\nxvMFYxVbW57UpBGw7ECRR1soiA9VBwS36qrwU+tFBjJj4kW4rNhzG0/WzxaOKgZW\nImxsBNoHNntCfOO07GZPyJ1NHv68zZBuYFiymbzQma7jLQdk0U3A74JrIK8pNDfV\nd9G1AEjw9ediOM+VAel3DmLUpJq8U+j9t+hklrey+osx8zU8ZvKvWC2diTczgaMi\ncn9rTPfTxzuxAAABAQDFv2XQW/4EbzT50OnMyXNsaiH/iVLPZb0vVOjbw8equDhJ\nmwDC1OL5OmVNNEzUlsT29qalzx+reytZMuYIpdidiUNpaVhuJiNI+keCBDLwmzlk\nMn+fYTPY539lOU7qgEbNoUMyPf9KRmIN0QdHm/ktMX8BZ7HrpcyVvz/vtjn7u5wV\ntt2yQzA6HY82HUvPvhKlkg7QB10F36K3OEsNWE6ZDoZEpWP7MY9bB0YFamtPbEI8\nVN9JTG54UZ/IDH7EbKfaXRJ21uY/tGXL7W4YUKJGBXjB5jUBmdeOzZtdOleF59Ia\n6imkGAbF1eIjgRbWI0y9R6p/1vL0LJfYNRQ0qU+VAAABAQD9fD6Py4IbZgc7m57J\nEpvLHplrDH+vobT3QDnTWqp+Hzd2iakDAYOppXngK76sof4VBhDcaoN7jonV4+0K\nDBV8WZopfJgmkHjDMBnO1Kh2CWOlBaCdOOoKR4UhZ0Vxm/VOUA1OzoHsud1jJqmm\nJLHaYcid7KhSLq9k53x2kP5VVfwwmulzfmxnLQylhKYlIkg8QpllSMLIJn0QGqg/\nl1+hc/5ZJU9jCB2W6t/B74VrB67Px8V5fgopCXskyIlGH/CcAM3YWLe3tTUM0LUq\nla/mQNPQkH9j9shOBHA16Qd+bmeMBfoky5O0Wx2t2Xfl5mpauj6XB2d8y7ZwSCb+\njL8nAAABAQDjudWDqxYFWgQa6a5o8AGRM3q70FnH0439HgpNo1LT4P7xtsROauB8\nqMXTmbgy+k7bS41tXQHZvQ4ULSD9ZsCRuVHYHA+jyCnGLqTZLQz5Q6g4w+Yie5GG\nXMneSB4nXz+9KD3bCEwsptWXuUF7PNwkqqJLwEwdcTNkKfqrS1cRc2dEIdk8LEDC\nry9XpW+rzXecKTVq9QXh79SmOiAcdNJ4wCPFU5F338P1J5jrOa/9NV2KEGzc/r2i\neNN5JlX5UAyIq2om06Hv3g9nOb8W1u3Ro1hgh8T/6JSflBw81y9kCX52u+sSz9PQ\nUSHxm7cAz8HyLFXLDvLbBOvGvQkktrcvAAAAAAEC\n-----END OPENSSH PRIVATE KEY-----\n",
            "private_key_pem": "-----BEGIN RSA PRIVATE KEY-----\nMIIJKQIBAAKCAgEA4X0trXdn4v2lx8hJhvrXRqjveALBvMiT0j5CaMUcDSG996ZJ\nSYVI+jPumFtx6IrSAFnVYq1DQn/yBwfOBiKiunao7e1cXhGff4o+uNGkXc51SGrd\n59EaCRVAwqJsTGaXhGCgN02nMelV3nQwnXDtwBAAx2rtxP2JYUDI+NmtLWk7xwq8\nqdYpoP+jWCjgjprTpoa6QNla8SgEV0Da7DQGo03kKf8zJS9CAVZYbq4BzIhfPJ93\nvordTkgwVHTZJvJO0PBtEAb8Us5rAJfhKxJ6hhEfaL70mVXJuR3xing/sz7GhwLg\n57K9k4NOOE6c/jSh0Q9Faq43oEGtA5eZK+rfd2JMVlJ5Q0bZ8oGrnT1zTE93j4A/\nQhNdC4v1KSwBV4qorLUSd5AH7ZmCtKw0dxdZOjCtFwzvanpNxA0J2aTo2bHO0kYk\nmLbIDLmvSbIuW5rtSi/ebuZ0c5tBqD/1UfIKvlBmr8QpxkDil+1Yr1FQzerdJ3Uw\noBFr9iEHGNkIQnwS09KsveBr5cRO+sc6eGQ4ChG9YVUm/yO3u0TSBSptsSbCpiTs\nl4DvZczqZEmOeDK2K2nr/L2glJLZGKkCLYF11+hNn5Rm/xKMcwBc2WbRZAblfcb1\n59RhFk6oxKxKrJ/ukuE4ZyqLHUEkrqAnbJPhCkMxkd7UU8gHCvJlb7o1+SkCAwEA\nAQKCAgAemBlme9kAl2Gy5Z30Tnx+/dTf95/JuX00/XWNOZFAxt87hrhS3V61c+5f\nhajC4HL10Tp+lPuXPjzcb1aoxnJF0mvBPH9X1BRL/bnc4bTndWe8V6OcHGbn7JZI\n0jjXdOQB9gpG9qZEw1//OsyN0BCyCnnQlNWF8NB+/YdHHGG+05RkwTQv5vrm+Uh0\nYbd2IdOtuIH04ojQR5mvLQGHItfzuFHI0PNjjDHsdIazHbDoy2gAlbJti/HS+UB1\ndRUxj5baCoUBs7Dwm0kxX2oRqgQtxIz6bU5Kr7UbBNEM9JvP+ih9kQpq5XmLVjl6\nsk/ivclm0Cee/dxWRhLvddY2ezuuecFHY70884J4NwaPvb2gPyVKwyny/5RHRyoW\nEZR23VEeG/YzpaL810C6ziphYS6lEiJXFEOJd6f/zQ7ssYSdoc2QxKQoICxNwBht\nhQfh0/F+Ay0LApbxVJ9cyLe0SyksesnNpJK1UMbzBWMVW1ue1KQRsOxAkUdbKIgP\nVQcEt+qq8FPrRQYyY+JFuKzYcxtP1s8WjioGViJsbATaBzZ7QnzjtOxmT8idTR7+\nvM2QbmBYspm80Jmu4y0HZNFNwO+CayCvKTQ31XfRtQBI8PXnYjjPlQHpdw5i1KSa\nvFPo/bfoZJa3svqLMfM1PGbyr1gtnYk3M4GjInJ/a0z308c7sQKCAQEA/Xw+j8uC\nG2YHO5ueyRKbyx6Zawx/r6G090A501qqfh83dompAwGDqaV54Cu+rKH+FQYQ3GqD\ne46J1ePtCgwVfFmaKXyYJpB4wzAZztSodgljpQWgnTjqCkeFIWdFcZv1TlANTs6B\n7LndYyappiSx2mHIneyoUi6vZOd8dpD+VVX8MJrpc35sZy0MpYSmJSJIPEKZZUjC\nyCZ9EBqoP5dfoXP+WSVPYwgdlurfwe+Faweuz8fFeX4KKQl7JMiJRh/wnADN2Fi3\nt7U1DNC1KpWv5kDT0JB/Y/bITgRwNekHfm5njAX6JMuTtFsdrdl35eZqWro+lwdn\nfMu2cEgm/oy/JwKCAQEA47nVg6sWBVoEGumuaPABkTN6u9BZx9ON/R4KTaNS0+D+\n8bbETmrgfKjF05m4MvpO20uNbV0B2b0OFC0g/WbAkblR2BwPo8gpxi6k2S0M+UOo\nOMPmInuRhlzJ3kgeJ18/vSg92whMLKbVl7lBezzcJKqiS8BMHXEzZCn6q0tXEXNn\nRCHZPCxAwq8vV6Vvq813nCk1avUF4e/UpjogHHTSeMAjxVORd9/D9SeY6zmv/TVd\nihBs3P69onjTeSZV+VAMiKtqJtOh794PZzm/Ftbt0aNYYIfE/+iUn5QcPNcvZAl+\ndrvrEs/T0FEh8Zu3AM/B8ixVyw7y2wTrxr0JJLa3LwKCAQEA90r+vcoMZC5lYAGy\nJvfAhaiUg5rt9qoLoitGPqt1KRXLRhmGiSgxCpAlFk2W91QSTPBeAqrnGuM0FTcH\nSYYAcA/6Ff83cGgBaGrEwsM0lfMTAys6RigAK4camjvlw7Ai4QO39+n/VrL9CH3v\ng+bInARJc8gtbf+dnRM4mXNarGX2YnS+y63Kk92fONrwO8n2LtPKUsVpQVpLKCrZ\neTB0W06OFOoRSMviEhmRseG6h3A3Wv3J6XzM7LwTJw983KzMT2V5bFcg5FgkKRxz\nodfmgvs7qX1Oync3cuVhkzaD2RRccH5kSwFQV+OMUM6X6fGgUGLiLPVMQLN8iI3b\nfPpSgQKCAQB+CzPExwNPPv2ar9DbQEx9w9Kg9bdbxRqICQKG6mlD4Pr7ar/I75sF\nJJ0qe6DahnTzKCRFbf9CN0P9ouTpnN/lSH+mcBGwA3Arw1F261qM9Qe9M6DDYUWw\n6tbI833NKQksd4OVIkiXRlhevCkkPxFSMifWab83ZJqfTCT0fqTYgdmceme0yIGn\nwDMh/e2LWBRmGOD6LFhvL8Gxp+ZyGa8NKrwh0hloEjByFtKrD6j7K3h0nJbE0zK/\nJMVX/wIDFm15j/cXOngdPfmklu/PgnLrX8/gzgUZ5++rS909R5Vxd1fJ/EUmimWg\nned9xURLbLLaifOKiuGcnGKsA6F18rP9AoIBAQDFv2XQW/4EbzT50OnMyXNsaiH/\niVLPZb0vVOjbw8equDhJmwDC1OL5OmVNNEzUlsT29qalzx+reytZMuYIpdidiUNp\naVhuJiNI+keCBDLwmzlkMn+fYTPY539lOU7qgEbNoUMyPf9KRmIN0QdHm/ktMX8B\nZ7HrpcyVvz/vtjn7u5wVtt2yQzA6HY82HUvPvhKlkg7QB10F36K3OEsNWE6ZDoZE\npWP7MY9bB0YFamtPbEI8VN9JTG54UZ/IDH7EbKfaXRJ21uY/tGXL7W4YUKJGBXjB\n5jUBmdeOzZtdOleF59Ia6imkGAbF1eIjgRbWI0y9R6p/1vL0LJfYNRQ0qU+V\n-----END RSA PRIVATE KEY-----\n",
            "private_key_pem_pkcs8": "-----BEGIN PRIVATE KEY-----\nMIIJQwIBADANBgkqhkiG9w0BAQEFAASCCS0wggkpAgEAAoICAQDhfS2td2fi/aXH\nyEmG+tdGqO94AsG8yJPSPkJoxRwNIb33pklJhUj6M+6YW3HoitIAWdVirUNCf/IH\nB84GIqK6dqjt7VxeEZ9/ij640aRdznVIat3n0RoJFUDComxMZpeEYKA3Tacx6VXe\ndDCdcO3AEADHau3E/YlhQMj42a0taTvHCryp1img/6NYKOCOmtOmhrpA2VrxKARX\nQNrsNAajTeQp/zMlL0IBVlhurgHMiF88n3e+it1OSDBUdNkm8k7Q8G0QBvxSzmsA\nl+ErEnqGER9ovvSZVcm5HfGKeD+zPsaHAuDnsr2Tg044Tpz+NKHRD0VqrjegQa0D\nl5kr6t93YkxWUnlDRtnygaudPXNMT3ePgD9CE10Li/UpLAFXiqistRJ3kAftmYK0\nrDR3F1k6MK0XDO9qek3EDQnZpOjZsc7SRiSYtsgMua9Jsi5bmu1KL95u5nRzm0Go\nP/VR8gq+UGavxCnGQOKX7VivUVDN6t0ndTCgEWv2IQcY2QhCfBLT0qy94GvlxE76\nxzp4ZDgKEb1hVSb/I7e7RNIFKm2xJsKmJOyXgO9lzOpkSY54MrYraev8vaCUktkY\nqQItgXXX6E2flGb/EoxzAFzZZtFkBuV9xvXn1GEWTqjErEqsn+6S4ThnKosdQSSu\noCdsk+EKQzGR3tRTyAcK8mVvujX5KQIDAQABAoICAB6YGWZ72QCXYbLlnfROfH79\n1N/3n8m5fTT9dY05kUDG3zuGuFLdXrVz7l+FqMLgcvXROn6U+5c+PNxvVqjGckXS\na8E8f1fUFEv9udzhtOd1Z7xXo5wcZufslkjSONd05AH2Ckb2pkTDX/86zI3QELIK\nedCU1YXw0H79h0ccYb7TlGTBNC/m+ub5SHRht3Yh0624gfTiiNBHma8tAYci1/O4\nUcjQ82OMMex0hrMdsOjLaACVsm2L8dL5QHV1FTGPltoKhQGzsPCbSTFfahGqBC3E\njPptTkqvtRsE0Qz0m8/6KH2RCmrleYtWOXqyT+K9yWbQJ5793FZGEu911jZ7O655\nwUdjvTzzgng3Bo+9vaA/JUrDKfL/lEdHKhYRlHbdUR4b9jOlovzXQLrOKmFhLqUS\nIlcUQ4l3p//NDuyxhJ2hzZDEpCggLE3AGG2FB+HT8X4DLQsClvFUn1zIt7RLKSx6\nyc2kkrVQxvMFYxVbW57UpBGw7ECRR1soiA9VBwS36qrwU+tFBjJj4kW4rNhzG0/W\nzxaOKgZWImxsBNoHNntCfOO07GZPyJ1NHv68zZBuYFiymbzQma7jLQdk0U3A74Jr\nIK8pNDfVd9G1AEjw9ediOM+VAel3DmLUpJq8U+j9t+hklrey+osx8zU8ZvKvWC2d\niTczgaMicn9rTPfTxzuxAoIBAQD9fD6Py4IbZgc7m57JEpvLHplrDH+vobT3QDnT\nWqp+Hzd2iakDAYOppXngK76sof4VBhDcaoN7jonV4+0KDBV8WZopfJgmkHjDMBnO\n1Kh2CWOlBaCdOOoKR4UhZ0Vxm/VOUA1OzoHsud1jJqmmJLHaYcid7KhSLq9k53x2\nkP5VVfwwmulzfmxnLQylhKYlIkg8QpllSMLIJn0QGqg/l1+hc/5ZJU9jCB2W6t/B\n74VrB67Px8V5fgopCXskyIlGH/CcAM3YWLe3tTUM0LUqla/mQNPQkH9j9shOBHA1\n6Qd+bmeMBfoky5O0Wx2t2Xfl5mpauj6XB2d8y7ZwSCb+jL8nAoIBAQDjudWDqxYF\nWgQa6a5o8AGRM3q70FnH0439HgpNo1LT4P7xtsROauB8qMXTmbgy+k7bS41tXQHZ\nvQ4ULSD9ZsCRuVHYHA+jyCnGLqTZLQz5Q6g4w+Yie5GGXMneSB4nXz+9KD3bCEws\nptWXuUF7PNwkqqJLwEwdcTNkKfqrS1cRc2dEIdk8LEDCry9XpW+rzXecKTVq9QXh\n79SmOiAcdNJ4wCPFU5F338P1J5jrOa/9NV2KEGzc/r2ieNN5JlX5UAyIq2om06Hv\n3g9nOb8W1u3Ro1hgh8T/6JSflBw81y9kCX52u+sSz9PQUSHxm7cAz8HyLFXLDvLb\nBOvGvQkktrcvAoIBAQD3Sv69ygxkLmVgAbIm98CFqJSDmu32qguiK0Y+q3UpFctG\nGYaJKDEKkCUWTZb3VBJM8F4Cquca4zQVNwdJhgBwD/oV/zdwaAFoasTCwzSV8xMD\nKzpGKAArhxqaO+XDsCLhA7f36f9Wsv0Ife+D5sicBElzyC1t/52dEziZc1qsZfZi\ndL7LrcqT3Z842vA7yfYu08pSxWlBWksoKtl5MHRbTo4U6hFIy+ISGZGx4bqHcDda\n/cnpfMzsvBMnD3zcrMxPZXlsVyDkWCQpHHOh1+aC+zupfU7Kdzdy5WGTNoPZFFxw\nfmRLAVBX44xQzpfp8aBQYuIs9UxAs3yIjdt8+lKBAoIBAH4LM8THA08+/Zqv0NtA\nTH3D0qD1t1vFGogJAobqaUPg+vtqv8jvmwUknSp7oNqGdPMoJEVt/0I3Q/2i5Omc\n3+VIf6ZwEbADcCvDUXbrWoz1B70zoMNhRbDq1sjzfc0pCSx3g5UiSJdGWF68KSQ/\nEVIyJ9Zpvzdkmp9MJPR+pNiB2Zx6Z7TIgafAMyH97YtYFGYY4PosWG8vwbGn5nIZ\nrw0qvCHSGWgSMHIW0qsPqPsreHSclsTTMr8kxVf/AgMWbXmP9xc6eB09+aSW78+C\ncutfz+DOBRnn76tL3T1HlXF3V8n8RSaKZaCd533FREtsstqJ84qK4ZycYqwDoXXy\ns/0CggEBAMW/ZdBb/gRvNPnQ6czJc2xqIf+JUs9lvS9U6NvDx6q4OEmbAMLU4vk6\nZU00TNSWxPb2pqXPH6t7K1ky5gil2J2JQ2lpWG4mI0j6R4IEMvCbOWQyf59hM9jn\nf2U5TuqARs2hQzI9/0pGYg3RB0eb+S0xfwFnseulzJW/P++2Ofu7nBW23bJDMDod\njzYdS8++EqWSDtAHXQXforc4Sw1YTpkOhkSlY/sxj1sHRgVqa09sQjxU30lMbnhR\nn8gMfsRsp9pdEnbW5j+0ZcvtbhhQokYFeMHmNQGZ147Nm106V4Xn0hrqKaQYBsXV\n4iOBFtYjTL1Hqn/W8vQsl9g1FDSpT5U=\n-----END PRIVATE KEY-----\n",
            "public_key_fingerprint_md5": "8d:36:d0:70:78:cd:43:2e:f1:04:10:12:1c:c8:21:87",
            "public_key_fingerprint_sha256": "SHA256:t+vRA+uJD7tnwpOAV1u1RWN5TRj4hdHLCgH2gU+kG1g",
            "public_key_openssh": "ssh-rsa AAAAB3NzaC1yc2EAAAADAQABAAACAQDhfS2td2fi/aXHyEmG+tdGqO94AsG8yJPSPkJoxRwNIb33pklJhUj6M+6YW3HoitIAWdVirUNCf/IHB84GIqK6dqjt7VxeEZ9/ij640aRdznVIat3n0RoJFUDComxMZpeEYKA3Tacx6VXedDCdcO3AEADHau3E/YlhQMj42a0taTvHCryp1img/6NYKOCOmtOmhrpA2VrxKARXQNrsNAajTeQp/zMlL0IBVlhurgHMiF88n3e+it1OSDBUdNkm8k7Q8G0QBvxSzmsAl+ErEnqGER9ovvSZVcm5HfGKeD+zPsaHAuDnsr2Tg044Tpz+NKHRD0VqrjegQa0Dl5kr6t93YkxWUnlDRtnygaudPXNMT3ePgD9CE10Li/UpLAFXiqistRJ3kAftmYK0rDR3F1k6MK0XDO9qek3EDQnZpOjZsc7SRiSYtsgMua9Jsi5bmu1KL95u5nRzm0GoP/VR8gq+UGavxCnGQOKX7VivUVDN6t0ndTCgEWv2IQcY2QhCfBLT0qy94GvlxE76xzp4ZDgKEb1hVSb/I7e7RNIFKm2xJsKmJOyXgO9lzOpkSY54MrYraev8vaCUktkYqQItgXXX6E2flGb/EoxzAFzZZtFkBuV9xvXn1GEWTqjErEqsn+6S4ThnKosdQSSuoCdsk+EKQzGR3tRTyAcK8mVvujX5KQ==\n",
            "public_key_pem": "-----BEGIN PUBLIC KEY-----\nMIICIjANBgkqhkiG9w0BAQEFAAOCAg8AMIICCgKCAgEA4X0trXdn4v2lx8hJhvrX\nRqjveALBvMiT0j5CaMUcDSG996ZJSYVI+jPumFtx6IrSAFnVYq1DQn/yBwfOBiKi\nunao7e1cXhGff4o+uNGkXc51SGrd59EaCRVAwqJsTGaXhGCgN02nMelV3nQwnXDt\nwBAAx2rtxP2JYUDI+NmtLWk7xwq8qdYpoP+jWCjgjprTpoa6QNla8SgEV0Da7DQG\no03kKf8zJS9CAVZYbq4BzIhfPJ93vordTkgwVHTZJvJO0PBtEAb8Us5rAJfhKxJ6\nhhEfaL70mVXJuR3xing/sz7GhwLg57K9k4NOOE6c/jSh0Q9Faq43oEGtA5eZK+rf\nd2JMVlJ5Q0bZ8oGrnT1zTE93j4A/QhNdC4v1KSwBV4qorLUSd5AH7ZmCtKw0dxdZ\nOjCtFwzvanpNxA0J2aTo2bHO0kYkmLbIDLmvSbIuW5rtSi/ebuZ0c5tBqD/1UfIK\nvlBmr8QpxkDil+1Yr1FQzerdJ3UwoBFr9iEHGNkIQnwS09KsveBr5cRO+sc6eGQ4\nChG9YVUm/yO3u0TSBSptsSbCpiTsl4DvZczqZEmOeDK2K2nr/L2glJLZGKkCLYF1\n1+hNn5Rm/xKMcwBc2WbRZAblfcb159RhFk6oxKxKrJ/ukuE4ZyqLHUEkrqAnbJPh\nCkMxkd7UU8gHCvJlb7o1+SkCAwEAAQ==\n-----END PUBLIC KEY-----\n",
            "rsa_bits": 4096
          },
          "sensitive_attributes": [
            [
              {
                "type": "get_attr",
                "value": "private_key_openssh"
              }
            ],
            [
              {
                "type": "get_attr",
                "value": "private_key_pem"
              }
            ],
            [
              {
                "type": "get_attr",
                "value": "private_key_pem_pkcs8"
              }
            ]
          ],
          "identity_schema_version": 0
        }
      ]
    }
  ],
  "check_results": null
}
